// !$*UTF8*$!
{
	archiveVersion = 1;
	classes = {
	};
	objectVersion = 55;
	objects = {

/* Begin PBXBuildFile section */
		2003BF0627EB436000B7D88D /* Constants.swift in Sources */ = {isa = PBXBuildFile; fileRef = 2003BF0527EB436000B7D88D /* Constants.swift */; };
		2003BF0927EB44AC00B7D88D /* InitResponse.swift in Sources */ = {isa = PBXBuildFile; fileRef = 2003BF0827EB44AC00B7D88D /* InitResponse.swift */; };
		2009BBB727D8341A0055CA71 /* AppDelegate.swift in Sources */ = {isa = PBXBuildFile; fileRef = 2009BBB627D8341A0055CA71 /* AppDelegate.swift */; };
		2009BBBB27D8341A0055CA71 /* HomeWebview.swift in Sources */ = {isa = PBXBuildFile; fileRef = 2009BBBA27D8341A0055CA71 /* HomeWebview.swift */; };
		2009BBC027D8341B0055CA71 /* Assets.xcassets in Resources */ = {isa = PBXBuildFile; fileRef = 2009BBBF27D8341B0055CA71 /* Assets.xcassets */; };
		2009BBC327D8341B0055CA71 /* LaunchScreen.storyboard in Resources */ = {isa = PBXBuildFile; fileRef = 2009BBC127D8341B0055CA71 /* LaunchScreen.storyboard */; };
		202AEC9F27D83DA70044660F /* WKWebView+Extension.swift in Sources */ = {isa = PBXBuildFile; fileRef = 202AEC9E27D83DA70044660F /* WKWebView+Extension.swift */; };
		203F186B27F485D9000D634B /* WarmupEndpoint.swift in Sources */ = {isa = PBXBuildFile; fileRef = 203F186A27F485D9000D634B /* WarmupEndpoint.swift */; };
		203F186E27F4870E000D634B /* WarmupService.swift in Sources */ = {isa = PBXBuildFile; fileRef = 203F186D27F4870E000D634B /* WarmupService.swift */; };
		203F187127F48A0B000D634B /* WarmupHomeResponse.swift in Sources */ = {isa = PBXBuildFile; fileRef = 203F187027F48A0B000D634B /* WarmupHomeResponse.swift */; };
		205D328527F2988D00F636E6 /* LogoutView.swift in Sources */ = {isa = PBXBuildFile; fileRef = 205D328327F2988D00F636E6 /* LogoutView.swift */; };
		205D328627F2988D00F636E6 /* HomeView.swift in Sources */ = {isa = PBXBuildFile; fileRef = 205D328427F2988D00F636E6 /* HomeView.swift */; };
		205D328827F29E2300F636E6 /* WebViewSteamCoordinator.swift in Sources */ = {isa = PBXBuildFile; fileRef = 205D328727F29E2300F636E6 /* WebViewSteamCoordinator.swift */; };
		206DB25D27EFF5AC00E817EF /* Notification+Extension.swift in Sources */ = {isa = PBXBuildFile; fileRef = 206DB25C27EFF5AC00E817EF /* Notification+Extension.swift */; };
		206DB26027EFFFCF00E817EF /* AppCoordinator.swift in Sources */ = {isa = PBXBuildFile; fileRef = 206DB25F27EFFFCF00E817EF /* AppCoordinator.swift */; };
		206DB26227F0005F00E817EF /* TabBarCoordinator.swift in Sources */ = {isa = PBXBuildFile; fileRef = 206DB26127F0005F00E817EF /* TabBarCoordinator.swift */; };
		206DB26427F0020900E817EF /* HomeCoordinator.swift in Sources */ = {isa = PBXBuildFile; fileRef = 206DB26327F0020900E817EF /* HomeCoordinator.swift */; };
		206DB26627F004AC00E817EF /* Coordinator.swift in Sources */ = {isa = PBXBuildFile; fileRef = 206DB26527F004AC00E817EF /* Coordinator.swift */; };
		206DB26827F0067A00E817EF /* HomeTabBarController.swift in Sources */ = {isa = PBXBuildFile; fileRef = 206DB26727F0067A00E817EF /* HomeTabBarController.swift */; };
		206DB26A27F008FD00E817EF /* UIViewController+Extension.swift in Sources */ = {isa = PBXBuildFile; fileRef = 206DB26927F008FD00E817EF /* UIViewController+Extension.swift */; };
		206DB26D27F00B1100E817EF /* ProfileViewController.swift in Sources */ = {isa = PBXBuildFile; fileRef = 206DB26C27F00B1100E817EF /* ProfileViewController.swift */; };
		206DB26F27F00C4F00E817EF /* ProfileCoordinator.swift in Sources */ = {isa = PBXBuildFile; fileRef = 206DB26E27F00C4F00E817EF /* ProfileCoordinator.swift */; };
		20786CD527EA6D97000DD56C /* SessionToken.swift in Sources */ = {isa = PBXBuildFile; fileRef = 20786CD427EA6D97000DD56C /* SessionToken.swift */; };
		2085341C27D838400081E1D2 /* SnapKit in Frameworks */ = {isa = PBXBuildFile; productRef = 2085341B27D838400081E1D2 /* SnapKit */; };
		2095ADD227EABCA90069A481 /* HomeViewController.swift in Sources */ = {isa = PBXBuildFile; fileRef = 2095ADD127EABCA90069A481 /* HomeViewController.swift */; };
		20A9EE4127F7893F001D091C /* ShareHelper.swift in Sources */ = {isa = PBXBuildFile; fileRef = 20A9EE4027F7893F001D091C /* ShareHelper.swift */; };
		20BDD12C27F4F24F00E85559 /* IGListKit in Frameworks */ = {isa = PBXBuildFile; productRef = 20BDD12B27F4F24F00E85559 /* IGListKit */; };
		20BDD13327F4F64C00E85559 /* WarmupSectionController.swift in Sources */ = {isa = PBXBuildFile; fileRef = 20BDD13227F4F64C00E85559 /* WarmupSectionController.swift */; };
		20BDD13527F4F6D000E85559 /* WarmupCell.swift in Sources */ = {isa = PBXBuildFile; fileRef = 20BDD13427F4F6D000E85559 /* WarmupCell.swift */; };
		20BDD13727F4FBBA00E85559 /* WarmupDiffable.swift in Sources */ = {isa = PBXBuildFile; fileRef = 20BDD13627F4FBBA00E85559 /* WarmupDiffable.swift */; };
		20BDD13927F4FE0E00E85559 /* Collection+Extension.swift in Sources */ = {isa = PBXBuildFile; fileRef = 20BDD13827F4FE0E00E85559 /* Collection+Extension.swift */; };
		20BDD13B27F5164000E85559 /* UIImage+Extension.swift in Sources */ = {isa = PBXBuildFile; fileRef = 20BDD13A27F5164000E85559 /* UIImage+Extension.swift */; };
		20BDD13E27F516A700E85559 /* Kingfisher in Frameworks */ = {isa = PBXBuildFile; productRef = 20BDD13D27F516A700E85559 /* Kingfisher */; };
		20CB20BA27F8FDE0007EAD66 /* ProfileTopView.swift in Sources */ = {isa = PBXBuildFile; fileRef = 20CB20B927F8FDE0007EAD66 /* ProfileTopView.swift */; };
		20CB20BD27F901B2007EAD66 /* UserMe.swift in Sources */ = {isa = PBXBuildFile; fileRef = 20CB20BC27F901B2007EAD66 /* UserMe.swift */; };
		20CB20C027F9068F007EAD66 /* GetProfileUserMe.swift in Sources */ = {isa = PBXBuildFile; fileRef = 20CB20BF27F9068F007EAD66 /* GetProfileUserMe.swift */; };
		20D157B727EE13AE008D2B33 /* GetProfileEndpoint.swift in Sources */ = {isa = PBXBuildFile; fileRef = 20D1578127EE13AE008D2B33 /* GetProfileEndpoint.swift */; };
		20D157E527EE13AE008D2B33 /* APIHeaders.swift in Sources */ = {isa = PBXBuildFile; fileRef = 20D157B027EE13AE008D2B33 /* APIHeaders.swift */; };
		20D157E627EE13AE008D2B33 /* APIClient.swift in Sources */ = {isa = PBXBuildFile; fileRef = 20D157B127EE13AE008D2B33 /* APIClient.swift */; };
		20D157E727EE13AE008D2B33 /* Reachability.swift in Sources */ = {isa = PBXBuildFile; fileRef = 20D157B227EE13AE008D2B33 /* Reachability.swift */; };
		20D157E827EE13AE008D2B33 /* APIEndpoint.swift in Sources */ = {isa = PBXBuildFile; fileRef = 20D157B327EE13AE008D2B33 /* APIEndpoint.swift */; };
		20D157E927EE13AE008D2B33 /* APIClientError.swift in Sources */ = {isa = PBXBuildFile; fileRef = 20D157B427EE13AE008D2B33 /* APIClientError.swift */; };
		20D157EA27EE13AE008D2B33 /* AlamofireHelperArray.swift in Sources */ = {isa = PBXBuildFile; fileRef = 20D157B527EE13AE008D2B33 /* AlamofireHelperArray.swift */; };
		20D157EB27EE13AE008D2B33 /* JSONParser.swift in Sources */ = {isa = PBXBuildFile; fileRef = 20D157B627EE13AE008D2B33 /* JSONParser.swift */; };
		20D157ED27EE1543008D2B33 /* Cache.swift in Sources */ = {isa = PBXBuildFile; fileRef = 20D157EC27EE1543008D2B33 /* Cache.swift */; };
		20D157F127EE16B5008D2B33 /* ProfileService.swift in Sources */ = {isa = PBXBuildFile; fileRef = 20D157F027EE16B5008D2B33 /* ProfileService.swift */; };
		20D157F427EE1DE5008D2B33 /* Alamofire in Frameworks */ = {isa = PBXBuildFile; productRef = 20D157F327EE1DE5008D2B33 /* Alamofire */; };
		20EBB3A727EFE82E0083C555 /* WarmupViewController.swift in Sources */ = {isa = PBXBuildFile; fileRef = 20EBB3A627EFE82E0083C555 /* WarmupViewController.swift */; };
		20EC45BD27F6426D007840C8 /* PlayersView.swift in Sources */ = {isa = PBXBuildFile; fileRef = 20EC45BC27F6426D007840C8 /* PlayersView.swift */; };
/* End PBXBuildFile section */

/* Begin PBXFileReference section */
		2003BF0527EB436000B7D88D /* Constants.swift */ = {isa = PBXFileReference; lastKnownFileType = sourcecode.swift; path = Constants.swift; sourceTree = "<group>"; };
		2003BF0827EB44AC00B7D88D /* InitResponse.swift */ = {isa = PBXFileReference; lastKnownFileType = sourcecode.swift; path = InitResponse.swift; sourceTree = "<group>"; };
		2009BBB327D8341A0055CA71 /* Gamers Club.app */ = {isa = PBXFileReference; explicitFileType = wrapper.application; includeInIndex = 0; path = "Gamers Club.app"; sourceTree = BUILT_PRODUCTS_DIR; };
		2009BBB627D8341A0055CA71 /* AppDelegate.swift */ = {isa = PBXFileReference; lastKnownFileType = sourcecode.swift; path = AppDelegate.swift; sourceTree = "<group>"; };
		2009BBBA27D8341A0055CA71 /* HomeWebview.swift */ = {isa = PBXFileReference; lastKnownFileType = sourcecode.swift; path = HomeWebview.swift; sourceTree = "<group>"; };
		2009BBBF27D8341B0055CA71 /* Assets.xcassets */ = {isa = PBXFileReference; lastKnownFileType = folder.assetcatalog; path = Assets.xcassets; sourceTree = "<group>"; };
		2009BBC227D8341B0055CA71 /* Base */ = {isa = PBXFileReference; lastKnownFileType = file.storyboard; name = Base; path = Base.lproj/LaunchScreen.storyboard; sourceTree = "<group>"; };
		2009BBC427D8341B0055CA71 /* Info.plist */ = {isa = PBXFileReference; lastKnownFileType = text.plist.xml; path = Info.plist; sourceTree = "<group>"; };
		202AEC9E27D83DA70044660F /* WKWebView+Extension.swift */ = {isa = PBXFileReference; lastKnownFileType = sourcecode.swift; path = "WKWebView+Extension.swift"; sourceTree = "<group>"; };
		203F186A27F485D9000D634B /* WarmupEndpoint.swift */ = {isa = PBXFileReference; lastKnownFileType = sourcecode.swift; path = WarmupEndpoint.swift; sourceTree = "<group>"; };
		203F186D27F4870E000D634B /* WarmupService.swift */ = {isa = PBXFileReference; lastKnownFileType = sourcecode.swift; path = WarmupService.swift; sourceTree = "<group>"; };
		203F187027F48A0B000D634B /* WarmupHomeResponse.swift */ = {isa = PBXFileReference; lastKnownFileType = sourcecode.swift; path = WarmupHomeResponse.swift; sourceTree = "<group>"; };
		205D328327F2988D00F636E6 /* LogoutView.swift */ = {isa = PBXFileReference; fileEncoding = 4; lastKnownFileType = sourcecode.swift; path = LogoutView.swift; sourceTree = "<group>"; };
		205D328427F2988D00F636E6 /* HomeView.swift */ = {isa = PBXFileReference; fileEncoding = 4; lastKnownFileType = sourcecode.swift; path = HomeView.swift; sourceTree = "<group>"; };
		205D328727F29E2300F636E6 /* WebViewSteamCoordinator.swift */ = {isa = PBXFileReference; lastKnownFileType = sourcecode.swift; path = WebViewSteamCoordinator.swift; sourceTree = "<group>"; };
		206DB25C27EFF5AC00E817EF /* Notification+Extension.swift */ = {isa = PBXFileReference; lastKnownFileType = sourcecode.swift; path = "Notification+Extension.swift"; sourceTree = "<group>"; };
		206DB25F27EFFFCF00E817EF /* AppCoordinator.swift */ = {isa = PBXFileReference; lastKnownFileType = sourcecode.swift; path = AppCoordinator.swift; sourceTree = "<group>"; };
		206DB26127F0005F00E817EF /* TabBarCoordinator.swift */ = {isa = PBXFileReference; lastKnownFileType = sourcecode.swift; path = TabBarCoordinator.swift; sourceTree = "<group>"; };
		206DB26327F0020900E817EF /* HomeCoordinator.swift */ = {isa = PBXFileReference; lastKnownFileType = sourcecode.swift; path = HomeCoordinator.swift; sourceTree = "<group>"; };
		206DB26527F004AC00E817EF /* Coordinator.swift */ = {isa = PBXFileReference; lastKnownFileType = sourcecode.swift; path = Coordinator.swift; sourceTree = "<group>"; };
		206DB26727F0067A00E817EF /* HomeTabBarController.swift */ = {isa = PBXFileReference; lastKnownFileType = sourcecode.swift; path = HomeTabBarController.swift; sourceTree = "<group>"; };
		206DB26927F008FD00E817EF /* UIViewController+Extension.swift */ = {isa = PBXFileReference; lastKnownFileType = sourcecode.swift; path = "UIViewController+Extension.swift"; sourceTree = "<group>"; };
		206DB26C27F00B1100E817EF /* ProfileViewController.swift */ = {isa = PBXFileReference; lastKnownFileType = sourcecode.swift; path = ProfileViewController.swift; sourceTree = "<group>"; };
		206DB26E27F00C4F00E817EF /* ProfileCoordinator.swift */ = {isa = PBXFileReference; lastKnownFileType = sourcecode.swift; path = ProfileCoordinator.swift; sourceTree = "<group>"; };
		20786CD427EA6D97000DD56C /* SessionToken.swift */ = {isa = PBXFileReference; lastKnownFileType = sourcecode.swift; path = SessionToken.swift; sourceTree = "<group>"; };
		2095ADD127EABCA90069A481 /* HomeViewController.swift */ = {isa = PBXFileReference; lastKnownFileType = sourcecode.swift; path = HomeViewController.swift; sourceTree = "<group>"; };
		20A9EE4027F7893F001D091C /* ShareHelper.swift */ = {isa = PBXFileReference; lastKnownFileType = sourcecode.swift; path = ShareHelper.swift; sourceTree = "<group>"; };
		20BDD13227F4F64C00E85559 /* WarmupSectionController.swift */ = {isa = PBXFileReference; lastKnownFileType = sourcecode.swift; path = WarmupSectionController.swift; sourceTree = "<group>"; };
		20BDD13427F4F6D000E85559 /* WarmupCell.swift */ = {isa = PBXFileReference; lastKnownFileType = sourcecode.swift; path = WarmupCell.swift; sourceTree = "<group>"; };
		20BDD13627F4FBBA00E85559 /* WarmupDiffable.swift */ = {isa = PBXFileReference; lastKnownFileType = sourcecode.swift; path = WarmupDiffable.swift; sourceTree = "<group>"; };
		20BDD13827F4FE0E00E85559 /* Collection+Extension.swift */ = {isa = PBXFileReference; lastKnownFileType = sourcecode.swift; path = "Collection+Extension.swift"; sourceTree = "<group>"; };
		20BDD13A27F5164000E85559 /* UIImage+Extension.swift */ = {isa = PBXFileReference; lastKnownFileType = sourcecode.swift; path = "UIImage+Extension.swift"; sourceTree = "<group>"; };
		20CB20B927F8FDE0007EAD66 /* ProfileTopView.swift */ = {isa = PBXFileReference; lastKnownFileType = sourcecode.swift; path = ProfileTopView.swift; sourceTree = "<group>"; };
		20CB20BC27F901B2007EAD66 /* UserMe.swift */ = {isa = PBXFileReference; lastKnownFileType = sourcecode.swift; path = UserMe.swift; sourceTree = "<group>"; };
		20CB20BF27F9068F007EAD66 /* GetProfileUserMe.swift */ = {isa = PBXFileReference; lastKnownFileType = sourcecode.swift; path = GetProfileUserMe.swift; sourceTree = "<group>"; };
		20D1578127EE13AE008D2B33 /* GetProfileEndpoint.swift */ = {isa = PBXFileReference; fileEncoding = 4; lastKnownFileType = sourcecode.swift; path = GetProfileEndpoint.swift; sourceTree = "<group>"; };
		20D157B027EE13AE008D2B33 /* APIHeaders.swift */ = {isa = PBXFileReference; fileEncoding = 4; lastKnownFileType = sourcecode.swift; path = APIHeaders.swift; sourceTree = "<group>"; };
		20D157B127EE13AE008D2B33 /* APIClient.swift */ = {isa = PBXFileReference; fileEncoding = 4; lastKnownFileType = sourcecode.swift; path = APIClient.swift; sourceTree = "<group>"; };
		20D157B227EE13AE008D2B33 /* Reachability.swift */ = {isa = PBXFileReference; fileEncoding = 4; lastKnownFileType = sourcecode.swift; path = Reachability.swift; sourceTree = "<group>"; };
		20D157B327EE13AE008D2B33 /* APIEndpoint.swift */ = {isa = PBXFileReference; fileEncoding = 4; lastKnownFileType = sourcecode.swift; path = APIEndpoint.swift; sourceTree = "<group>"; };
		20D157B427EE13AE008D2B33 /* APIClientError.swift */ = {isa = PBXFileReference; fileEncoding = 4; lastKnownFileType = sourcecode.swift; path = APIClientError.swift; sourceTree = "<group>"; };
		20D157B527EE13AE008D2B33 /* AlamofireHelperArray.swift */ = {isa = PBXFileReference; fileEncoding = 4; lastKnownFileType = sourcecode.swift; path = AlamofireHelperArray.swift; sourceTree = "<group>"; };
		20D157B627EE13AE008D2B33 /* JSONParser.swift */ = {isa = PBXFileReference; fileEncoding = 4; lastKnownFileType = sourcecode.swift; path = JSONParser.swift; sourceTree = "<group>"; };
		20D157EC27EE1543008D2B33 /* Cache.swift */ = {isa = PBXFileReference; lastKnownFileType = sourcecode.swift; path = Cache.swift; sourceTree = "<group>"; };
		20D157F027EE16B5008D2B33 /* ProfileService.swift */ = {isa = PBXFileReference; lastKnownFileType = sourcecode.swift; path = ProfileService.swift; sourceTree = "<group>"; };
		20EBB3A627EFE82E0083C555 /* WarmupViewController.swift */ = {isa = PBXFileReference; lastKnownFileType = sourcecode.swift; path = WarmupViewController.swift; sourceTree = "<group>"; };
		20EC45BC27F6426D007840C8 /* PlayersView.swift */ = {isa = PBXFileReference; lastKnownFileType = sourcecode.swift; path = PlayersView.swift; sourceTree = "<group>"; };
/* End PBXFileReference section */

/* Begin PBXFrameworksBuildPhase section */
		2009BBB027D8341A0055CA71 /* Frameworks */ = {
			isa = PBXFrameworksBuildPhase;
			buildActionMask = 2147483647;
			files = (
				20BDD13E27F516A700E85559 /* Kingfisher in Frameworks */,
				20D157F427EE1DE5008D2B33 /* Alamofire in Frameworks */,
				20BDD12C27F4F24F00E85559 /* IGListKit in Frameworks */,
				2085341C27D838400081E1D2 /* SnapKit in Frameworks */,
			);
			runOnlyForDeploymentPostprocessing = 0;
		};
/* End PBXFrameworksBuildPhase section */

/* Begin PBXGroup section */
		2003BF0327EB433E00B7D88D /* Global */ = {
			isa = PBXGroup;
			children = (
				2003BF0427EB434900B7D88D /* Constants */,
			);
			path = Global;
			sourceTree = "<group>";
		};
		2003BF0427EB434900B7D88D /* Constants */ = {
			isa = PBXGroup;
			children = (
				2003BF0527EB436000B7D88D /* Constants.swift */,
			);
			path = Constants;
			sourceTree = "<group>";
		};
		2009BBAA27D8341A0055CA71 = {
			isa = PBXGroup;
			children = (
				2009BBB527D8341A0055CA71 /* Gamers Club */,
				2009BBB427D8341A0055CA71 /* Products */,
			);
			sourceTree = "<group>";
		};
		2009BBB427D8341A0055CA71 /* Products */ = {
			isa = PBXGroup;
			children = (
				2009BBB327D8341A0055CA71 /* Gamers Club.app */,
			);
			name = Products;
			sourceTree = "<group>";
		};
		2009BBB527D8341A0055CA71 /* Gamers Club */ = {
			isa = PBXGroup;
			children = (
				20D1577B27EE0F9C008D2B33 /* Common */,
				2003BF0327EB433E00B7D88D /* Global */,
				20786CD327EA6D86000DD56C /* Models */,
				20D1577927EE0E72008D2B33 /* View Controllers */,
				202AEC9A27D83C690044660F /* Extensions */,
				2009BBB627D8341A0055CA71 /* AppDelegate.swift */,
				2009BBBF27D8341B0055CA71 /* Assets.xcassets */,
				2009BBC127D8341B0055CA71 /* LaunchScreen.storyboard */,
				2009BBC427D8341B0055CA71 /* Info.plist */,
			);
			path = "Gamers Club";
			sourceTree = "<group>";
		};
		202AEC9A27D83C690044660F /* Extensions */ = {
			isa = PBXGroup;
			children = (
				202AEC9E27D83DA70044660F /* WKWebView+Extension.swift */,
				206DB26927F008FD00E817EF /* UIViewController+Extension.swift */,
				20BDD13827F4FE0E00E85559 /* Collection+Extension.swift */,
				20BDD13A27F5164000E85559 /* UIImage+Extension.swift */,
			);
			path = Extensions;
			sourceTree = "<group>";
		};
		203F186927F485C5000D634B /* Play Now */ = {
			isa = PBXGroup;
			children = (
				203F186A27F485D9000D634B /* WarmupEndpoint.swift */,
			);
			path = "Play Now";
			sourceTree = "<group>";
		};
		203F186C27F48704000D634B /* Play Now */ = {
			isa = PBXGroup;
			children = (
				203F186D27F4870E000D634B /* WarmupService.swift */,
			);
			path = "Play Now";
			sourceTree = "<group>";
		};
		203F186F27F48860000D634B /* Play Now */ = {
			isa = PBXGroup;
			children = (
				203F187027F48A0B000D634B /* WarmupHomeResponse.swift */,
			);
			path = "Play Now";
			sourceTree = "<group>";
		};
		205D328227F2988D00F636E6 /* Views */ = {
			isa = PBXGroup;
			children = (
				205D328327F2988D00F636E6 /* LogoutView.swift */,
				20CB20B927F8FDE0007EAD66 /* ProfileTopView.swift */,
			);
			path = Views;
			sourceTree = "<group>";
		};
		205D328927F2A5E700F636E6 /* Home View */ = {
			isa = PBXGroup;
			children = (
				205D328427F2988D00F636E6 /* HomeView.swift */,
			);
			path = "Home View";
			sourceTree = "<group>";
		};
		206DB25B27EFF5A000E817EF /* Utils */ = {
			isa = PBXGroup;
			children = (
				206DB25C27EFF5AC00E817EF /* Notification+Extension.swift */,
			);
			path = Utils;
			sourceTree = "<group>";
		};
		206DB25E27EFFFC300E817EF /* Coordinator */ = {
			isa = PBXGroup;
			children = (
				206DB25F27EFFFCF00E817EF /* AppCoordinator.swift */,
				206DB26527F004AC00E817EF /* Coordinator.swift */,
				206DB26327F0020900E817EF /* HomeCoordinator.swift */,
				206DB26727F0067A00E817EF /* HomeTabBarController.swift */,
				206DB26E27F00C4F00E817EF /* ProfileCoordinator.swift */,
				206DB26127F0005F00E817EF /* TabBarCoordinator.swift */,
				205D328727F29E2300F636E6 /* WebViewSteamCoordinator.swift */,
			);
			path = Coordinator;
			sourceTree = "<group>";
		};
		206DB26B27F00AEC00E817EF /* Profile */ = {
			isa = PBXGroup;
			children = (
				205D328227F2988D00F636E6 /* Views */,
				206DB26C27F00B1100E817EF /* ProfileViewController.swift */,
			);
			path = Profile;
			sourceTree = "<group>";
		};
		20786CD327EA6D86000DD56C /* Models */ = {
			isa = PBXGroup;
			children = (
				20CB20BB27F901A0007EAD66 /* Profile */,
				203F186F27F48860000D634B /* Play Now */,
				20786CD427EA6D97000DD56C /* SessionToken.swift */,
				2003BF0827EB44AC00B7D88D /* InitResponse.swift */,
			);
			path = Models;
			sourceTree = "<group>";
		};
		2095ADCF27EABC7D0069A481 /* Home Web View */ = {
			isa = PBXGroup;
			children = (
				2009BBBA27D8341A0055CA71 /* HomeWebview.swift */,
			);
			path = "Home Web View";
			sourceTree = "<group>";
		};
		2095ADD027EABC920069A481 /* Home */ = {
			isa = PBXGroup;
			children = (
				205D328927F2A5E700F636E6 /* Home View */,
				2095ADD127EABCA90069A481 /* HomeViewController.swift */,
			);
			path = Home;
			sourceTree = "<group>";
		};
		20A9EE3F27F78924001D091C /* Shared */ = {
			isa = PBXGroup;
			children = (
				20A9EE4027F7893F001D091C /* ShareHelper.swift */,
			);
			path = Shared;
			sourceTree = "<group>";
		};
		20BDD12D27F4F39600E85559 /* Section */ = {
			isa = PBXGroup;
			children = (
				20EC45B827F641EE007840C8 /* Views */,
				20BDD12E27F4F3A300E85559 /* Cell */,
				20BDD12F27F4F3A900E85559 /* Diffable */,
				20BDD13027F4F3B100E85559 /* ListSection */,
			);
			path = Section;
			sourceTree = "<group>";
		};
		20BDD12E27F4F3A300E85559 /* Cell */ = {
			isa = PBXGroup;
			children = (
				20BDD13427F4F6D000E85559 /* WarmupCell.swift */,
			);
			path = Cell;
			sourceTree = "<group>";
		};
		20BDD12F27F4F3A900E85559 /* Diffable */ = {
			isa = PBXGroup;
			children = (
				20BDD13627F4FBBA00E85559 /* WarmupDiffable.swift */,
			);
			path = Diffable;
			sourceTree = "<group>";
		};
		20BDD13027F4F3B100E85559 /* ListSection */ = {
			isa = PBXGroup;
			children = (
				20BDD13227F4F64C00E85559 /* WarmupSectionController.swift */,
			);
			path = ListSection;
			sourceTree = "<group>";
		};
		20CB20BB27F901A0007EAD66 /* Profile */ = {
			isa = PBXGroup;
			children = (
				20CB20BC27F901B2007EAD66 /* UserMe.swift */,
			);
			path = Profile;
			sourceTree = "<group>";
		};
		20CB20BE27F90683007EAD66 /* Profile */ = {
			isa = PBXGroup;
			children = (
				20D1578127EE13AE008D2B33 /* GetProfileEndpoint.swift */,
				20CB20BF27F9068F007EAD66 /* GetProfileUserMe.swift */,
			);
			path = Profile;
			sourceTree = "<group>";
		};
		20D1577927EE0E72008D2B33 /* View Controllers */ = {
			isa = PBXGroup;
			children = (
				2095ADD027EABC920069A481 /* Home */,
				2095ADCF27EABC7D0069A481 /* Home Web View */,
				206DB26B27F00AEC00E817EF /* Profile */,
				20EBB3A527EFE7A00083C555 /* Warmup */,
			);
			path = "View Controllers";
			sourceTree = "<group>";
		};
		20D1577B27EE0F9C008D2B33 /* Common */ = {
			isa = PBXGroup;
			children = (
				20A9EE3F27F78924001D091C /* Shared */,
				206DB25E27EFFFC300E817EF /* Coordinator */,
				206DB25B27EFF5A000E817EF /* Utils */,
				20D157EE27EE1548008D2B33 /* Cache */,
				20D1577C27EE0FD1008D2B33 /* Core */,
			);
			path = Common;
			sourceTree = "<group>";
		};
		20D1577C27EE0FD1008D2B33 /* Core */ = {
			isa = PBXGroup;
			children = (
				20D157EF27EE16A9008D2B33 /* Service */,
				20D1578027EE13AE008D2B33 /* Endpoints */,
				20D157AF27EE13AE008D2B33 /* Helpers */,
			);
			path = Core;
			sourceTree = "<group>";
		};
		20D1578027EE13AE008D2B33 /* Endpoints */ = {
			isa = PBXGroup;
			children = (
				20CB20BE27F90683007EAD66 /* Profile */,
				203F186927F485C5000D634B /* Play Now */,
			);
			path = Endpoints;
			sourceTree = "<group>";
		};
		20D157AF27EE13AE008D2B33 /* Helpers */ = {
			isa = PBXGroup;
			children = (
				20D157B027EE13AE008D2B33 /* APIHeaders.swift */,
				20D157B127EE13AE008D2B33 /* APIClient.swift */,
				20D157B227EE13AE008D2B33 /* Reachability.swift */,
				20D157B327EE13AE008D2B33 /* APIEndpoint.swift */,
				20D157B427EE13AE008D2B33 /* APIClientError.swift */,
				20D157B527EE13AE008D2B33 /* AlamofireHelperArray.swift */,
				20D157B627EE13AE008D2B33 /* JSONParser.swift */,
			);
			path = Helpers;
			sourceTree = "<group>";
		};
		20D157EE27EE1548008D2B33 /* Cache */ = {
			isa = PBXGroup;
			children = (
				20D157EC27EE1543008D2B33 /* Cache.swift */,
			);
			path = Cache;
			sourceTree = "<group>";
		};
		20D157EF27EE16A9008D2B33 /* Service */ = {
			isa = PBXGroup;
			children = (
				203F186C27F48704000D634B /* Play Now */,
				20D157F027EE16B5008D2B33 /* ProfileService.swift */,
			);
			path = Service;
			sourceTree = "<group>";
		};
		20EBB3A527EFE7A00083C555 /* Warmup */ = {
			isa = PBXGroup;
			children = (
				20BDD12D27F4F39600E85559 /* Section */,
				20EBB3A627EFE82E0083C555 /* WarmupViewController.swift */,
			);
			path = Warmup;
			sourceTree = "<group>";
		};
		20EC45B827F641EE007840C8 /* Views */ = {
			isa = PBXGroup;
			children = (
				20EC45BC27F6426D007840C8 /* PlayersView.swift */,
			);
			path = Views;
			sourceTree = "<group>";
		};
/* End PBXGroup section */

/* Begin PBXNativeTarget section */
		2009BBB227D8341A0055CA71 /* Gamers Club */ = {
			isa = PBXNativeTarget;
			buildConfigurationList = 2009BBC727D8341B0055CA71 /* Build configuration list for PBXNativeTarget "Gamers Club" */;
			buildPhases = (
				2009BBAF27D8341A0055CA71 /* Sources */,
				2009BBB027D8341A0055CA71 /* Frameworks */,
				2009BBB127D8341A0055CA71 /* Resources */,
			);
			buildRules = (
			);
			dependencies = (
			);
			name = "Gamers Club";
			packageProductDependencies = (
				2085341B27D838400081E1D2 /* SnapKit */,
				20D157F327EE1DE5008D2B33 /* Alamofire */,
				20BDD12B27F4F24F00E85559 /* IGListKit */,
				20BDD13D27F516A700E85559 /* Kingfisher */,
			);
			productName = "Gamers Club";
			productReference = 2009BBB327D8341A0055CA71 /* Gamers Club.app */;
			productType = "com.apple.product-type.application";
		};
/* End PBXNativeTarget section */

/* Begin PBXProject section */
		2009BBAB27D8341A0055CA71 /* Project object */ = {
			isa = PBXProject;
			attributes = {
				BuildIndependentTargetsInParallel = 1;
				LastSwiftUpdateCheck = 1320;
				LastUpgradeCheck = 1320;
				TargetAttributes = {
					2009BBB227D8341A0055CA71 = {
						CreatedOnToolsVersion = 13.2.1;
					};
				};
			};
			buildConfigurationList = 2009BBAE27D8341A0055CA71 /* Build configuration list for PBXProject "Gamers Club" */;
			compatibilityVersion = "Xcode 13.0";
			developmentRegion = en;
			hasScannedForEncodings = 0;
			knownRegions = (
				en,
				Base,
			);
			mainGroup = 2009BBAA27D8341A0055CA71;
			packageReferences = (
				2085341A27D838400081E1D2 /* XCRemoteSwiftPackageReference "SnapKit" */,
				20D157F227EE1DE5008D2B33 /* XCRemoteSwiftPackageReference "Alamofire" */,
				20BDD12A27F4F24F00E85559 /* XCRemoteSwiftPackageReference "IGListKit" */,
				20BDD13C27F516A700E85559 /* XCRemoteSwiftPackageReference "Kingfisher" */,
			);
			productRefGroup = 2009BBB427D8341A0055CA71 /* Products */;
			projectDirPath = "";
			projectRoot = "";
			targets = (
				2009BBB227D8341A0055CA71 /* Gamers Club */,
			);
		};
/* End PBXProject section */

/* Begin PBXResourcesBuildPhase section */
		2009BBB127D8341A0055CA71 /* Resources */ = {
			isa = PBXResourcesBuildPhase;
			buildActionMask = 2147483647;
			files = (
				2009BBC327D8341B0055CA71 /* LaunchScreen.storyboard in Resources */,
				2009BBC027D8341B0055CA71 /* Assets.xcassets in Resources */,
			);
			runOnlyForDeploymentPostprocessing = 0;
		};
/* End PBXResourcesBuildPhase section */

/* Begin PBXSourcesBuildPhase section */
		2009BBAF27D8341A0055CA71 /* Sources */ = {
			isa = PBXSourcesBuildPhase;
			buildActionMask = 2147483647;
			files = (
				2009BBBB27D8341A0055CA71 /* HomeWebview.swift in Sources */,
				20D157EB27EE13AE008D2B33 /* JSONParser.swift in Sources */,
				2003BF0627EB436000B7D88D /* Constants.swift in Sources */,
				20BDD13327F4F64C00E85559 /* WarmupSectionController.swift in Sources */,
				20BDD13727F4FBBA00E85559 /* WarmupDiffable.swift in Sources */,
				206DB26227F0005F00E817EF /* TabBarCoordinator.swift in Sources */,
				206DB26A27F008FD00E817EF /* UIViewController+Extension.swift in Sources */,
				2009BBB727D8341A0055CA71 /* AppDelegate.swift in Sources */,
				20EC45BD27F6426D007840C8 /* PlayersView.swift in Sources */,
				2003BF0927EB44AC00B7D88D /* InitResponse.swift in Sources */,
				20A9EE4127F7893F001D091C /* ShareHelper.swift in Sources */,
				20D157E827EE13AE008D2B33 /* APIEndpoint.swift in Sources */,
				206DB26627F004AC00E817EF /* Coordinator.swift in Sources */,
				20EBB3A727EFE82E0083C555 /* WarmupViewController.swift in Sources */,
				20D157B727EE13AE008D2B33 /* GetProfileEndpoint.swift in Sources */,
				20CB20C027F9068F007EAD66 /* GetProfileUserMe.swift in Sources */,
				206DB26D27F00B1100E817EF /* ProfileViewController.swift in Sources */,
				206DB25D27EFF5AC00E817EF /* Notification+Extension.swift in Sources */,
				20D157E527EE13AE008D2B33 /* APIHeaders.swift in Sources */,
				206DB26827F0067A00E817EF /* HomeTabBarController.swift in Sources */,
				20BDD13527F4F6D000E85559 /* WarmupCell.swift in Sources */,
				206DB26027EFFFCF00E817EF /* AppCoordinator.swift in Sources */,
				202AEC9F27D83DA70044660F /* WKWebView+Extension.swift in Sources */,
				20D157ED27EE1543008D2B33 /* Cache.swift in Sources */,
				205D328527F2988D00F636E6 /* LogoutView.swift in Sources */,
				20786CD527EA6D97000DD56C /* SessionToken.swift in Sources */,
				203F187127F48A0B000D634B /* WarmupHomeResponse.swift in Sources */,
				205D328827F29E2300F636E6 /* WebViewSteamCoordinator.swift in Sources */,
				205D328627F2988D00F636E6 /* HomeView.swift in Sources */,
				20D157E727EE13AE008D2B33 /* Reachability.swift in Sources */,
				203F186B27F485D9000D634B /* WarmupEndpoint.swift in Sources */,
				20D157E627EE13AE008D2B33 /* APIClient.swift in Sources */,
				20D157F127EE16B5008D2B33 /* ProfileService.swift in Sources */,
				20D157EA27EE13AE008D2B33 /* AlamofireHelperArray.swift in Sources */,
				20CB20BD27F901B2007EAD66 /* UserMe.swift in Sources */,
				203F186E27F4870E000D634B /* WarmupService.swift in Sources */,
				206DB26427F0020900E817EF /* HomeCoordinator.swift in Sources */,
				20D157E927EE13AE008D2B33 /* APIClientError.swift in Sources */,
				20BDD13927F4FE0E00E85559 /* Collection+Extension.swift in Sources */,
				20CB20BA27F8FDE0007EAD66 /* ProfileTopView.swift in Sources */,
				20BDD13B27F5164000E85559 /* UIImage+Extension.swift in Sources */,
				206DB26F27F00C4F00E817EF /* ProfileCoordinator.swift in Sources */,
				2095ADD227EABCA90069A481 /* HomeViewController.swift in Sources */,
			);
			runOnlyForDeploymentPostprocessing = 0;
		};
/* End PBXSourcesBuildPhase section */

/* Begin PBXVariantGroup section */
		2009BBC127D8341B0055CA71 /* LaunchScreen.storyboard */ = {
			isa = PBXVariantGroup;
			children = (
				2009BBC227D8341B0055CA71 /* Base */,
			);
			name = LaunchScreen.storyboard;
			sourceTree = "<group>";
		};
/* End PBXVariantGroup section */

/* Begin XCBuildConfiguration section */
		2009BBC527D8341B0055CA71 /* Debug */ = {
			isa = XCBuildConfiguration;
			buildSettings = {
				ALWAYS_SEARCH_USER_PATHS = NO;
				CLANG_ANALYZER_NONNULL = YES;
				CLANG_ANALYZER_NUMBER_OBJECT_CONVERSION = YES_AGGRESSIVE;
				CLANG_CXX_LANGUAGE_STANDARD = "gnu++17";
				CLANG_CXX_LIBRARY = "libc++";
				CLANG_ENABLE_MODULES = YES;
				CLANG_ENABLE_OBJC_ARC = YES;
				CLANG_ENABLE_OBJC_WEAK = YES;
				CLANG_WARN_BLOCK_CAPTURE_AUTORELEASING = YES;
				CLANG_WARN_BOOL_CONVERSION = YES;
				CLANG_WARN_COMMA = YES;
				CLANG_WARN_CONSTANT_CONVERSION = YES;
				CLANG_WARN_DEPRECATED_OBJC_IMPLEMENTATIONS = YES;
				CLANG_WARN_DIRECT_OBJC_ISA_USAGE = YES_ERROR;
				CLANG_WARN_DOCUMENTATION_COMMENTS = YES;
				CLANG_WARN_EMPTY_BODY = YES;
				CLANG_WARN_ENUM_CONVERSION = YES;
				CLANG_WARN_INFINITE_RECURSION = YES;
				CLANG_WARN_INT_CONVERSION = YES;
				CLANG_WARN_NON_LITERAL_NULL_CONVERSION = YES;
				CLANG_WARN_OBJC_IMPLICIT_RETAIN_SELF = YES;
				CLANG_WARN_OBJC_LITERAL_CONVERSION = YES;
				CLANG_WARN_OBJC_ROOT_CLASS = YES_ERROR;
				CLANG_WARN_QUOTED_INCLUDE_IN_FRAMEWORK_HEADER = YES;
				CLANG_WARN_RANGE_LOOP_ANALYSIS = YES;
				CLANG_WARN_STRICT_PROTOTYPES = YES;
				CLANG_WARN_SUSPICIOUS_MOVE = YES;
				CLANG_WARN_UNGUARDED_AVAILABILITY = YES_AGGRESSIVE;
				CLANG_WARN_UNREACHABLE_CODE = YES;
				CLANG_WARN__DUPLICATE_METHOD_MATCH = YES;
				COPY_PHASE_STRIP = NO;
				DEBUG_INFORMATION_FORMAT = dwarf;
				ENABLE_STRICT_OBJC_MSGSEND = YES;
				ENABLE_TESTABILITY = YES;
				GCC_C_LANGUAGE_STANDARD = gnu11;
				GCC_DYNAMIC_NO_PIC = NO;
				GCC_NO_COMMON_BLOCKS = YES;
				GCC_OPTIMIZATION_LEVEL = 0;
				GCC_PREPROCESSOR_DEFINITIONS = (
					"DEBUG=1",
					"$(inherited)",
				);
				GCC_WARN_64_TO_32_BIT_CONVERSION = YES;
				GCC_WARN_ABOUT_RETURN_TYPE = YES_ERROR;
				GCC_WARN_UNDECLARED_SELECTOR = YES;
				GCC_WARN_UNINITIALIZED_AUTOS = YES_AGGRESSIVE;
				GCC_WARN_UNUSED_FUNCTION = YES;
				GCC_WARN_UNUSED_VARIABLE = YES;
				IPHONEOS_DEPLOYMENT_TARGET = 15.2;
				MTL_ENABLE_DEBUG_INFO = INCLUDE_SOURCE;
				MTL_FAST_MATH = YES;
				ONLY_ACTIVE_ARCH = YES;
				SDKROOT = iphoneos;
				SWIFT_ACTIVE_COMPILATION_CONDITIONS = DEBUG;
				SWIFT_OPTIMIZATION_LEVEL = "-Onone";
			};
			name = Debug;
		};
		2009BBC627D8341B0055CA71 /* Release */ = {
			isa = XCBuildConfiguration;
			buildSettings = {
				ALWAYS_SEARCH_USER_PATHS = NO;
				CLANG_ANALYZER_NONNULL = YES;
				CLANG_ANALYZER_NUMBER_OBJECT_CONVERSION = YES_AGGRESSIVE;
				CLANG_CXX_LANGUAGE_STANDARD = "gnu++17";
				CLANG_CXX_LIBRARY = "libc++";
				CLANG_ENABLE_MODULES = YES;
				CLANG_ENABLE_OBJC_ARC = YES;
				CLANG_ENABLE_OBJC_WEAK = YES;
				CLANG_WARN_BLOCK_CAPTURE_AUTORELEASING = YES;
				CLANG_WARN_BOOL_CONVERSION = YES;
				CLANG_WARN_COMMA = YES;
				CLANG_WARN_CONSTANT_CONVERSION = YES;
				CLANG_WARN_DEPRECATED_OBJC_IMPLEMENTATIONS = YES;
				CLANG_WARN_DIRECT_OBJC_ISA_USAGE = YES_ERROR;
				CLANG_WARN_DOCUMENTATION_COMMENTS = YES;
				CLANG_WARN_EMPTY_BODY = YES;
				CLANG_WARN_ENUM_CONVERSION = YES;
				CLANG_WARN_INFINITE_RECURSION = YES;
				CLANG_WARN_INT_CONVERSION = YES;
				CLANG_WARN_NON_LITERAL_NULL_CONVERSION = YES;
				CLANG_WARN_OBJC_IMPLICIT_RETAIN_SELF = YES;
				CLANG_WARN_OBJC_LITERAL_CONVERSION = YES;
				CLANG_WARN_OBJC_ROOT_CLASS = YES_ERROR;
				CLANG_WARN_QUOTED_INCLUDE_IN_FRAMEWORK_HEADER = YES;
				CLANG_WARN_RANGE_LOOP_ANALYSIS = YES;
				CLANG_WARN_STRICT_PROTOTYPES = YES;
				CLANG_WARN_SUSPICIOUS_MOVE = YES;
				CLANG_WARN_UNGUARDED_AVAILABILITY = YES_AGGRESSIVE;
				CLANG_WARN_UNREACHABLE_CODE = YES;
				CLANG_WARN__DUPLICATE_METHOD_MATCH = YES;
				COPY_PHASE_STRIP = NO;
				DEBUG_INFORMATION_FORMAT = "dwarf-with-dsym";
				ENABLE_NS_ASSERTIONS = NO;
				ENABLE_STRICT_OBJC_MSGSEND = YES;
				GCC_C_LANGUAGE_STANDARD = gnu11;
				GCC_NO_COMMON_BLOCKS = YES;
				GCC_WARN_64_TO_32_BIT_CONVERSION = YES;
				GCC_WARN_ABOUT_RETURN_TYPE = YES_ERROR;
				GCC_WARN_UNDECLARED_SELECTOR = YES;
				GCC_WARN_UNINITIALIZED_AUTOS = YES_AGGRESSIVE;
				GCC_WARN_UNUSED_FUNCTION = YES;
				GCC_WARN_UNUSED_VARIABLE = YES;
				IPHONEOS_DEPLOYMENT_TARGET = 15.2;
				MTL_ENABLE_DEBUG_INFO = NO;
				MTL_FAST_MATH = YES;
				SDKROOT = iphoneos;
				SWIFT_COMPILATION_MODE = wholemodule;
				SWIFT_OPTIMIZATION_LEVEL = "-O";
				VALIDATE_PRODUCT = YES;
			};
			name = Release;
		};
		2009BBC827D8341B0055CA71 /* Debug */ = {
			isa = XCBuildConfiguration;
			buildSettings = {
				ASSETCATALOG_COMPILER_APPICON_NAME = AppIcon;
				ASSETCATALOG_COMPILER_GLOBAL_ACCENT_COLOR_NAME = AccentColor;
				CODE_SIGN_STYLE = Automatic;
				CURRENT_PROJECT_VERSION = 1;
				DEVELOPMENT_TEAM = 9JYZL3585V;
				GENERATE_INFOPLIST_FILE = YES;
				INFOPLIST_FILE = "Gamers Club/Info.plist";
				INFOPLIST_KEY_UIApplicationSupportsIndirectInputEvents = YES;
				INFOPLIST_KEY_UILaunchStoryboardName = LaunchScreen;
				INFOPLIST_KEY_UISupportedInterfaceOrientations = UIInterfaceOrientationPortrait;
				INFOPLIST_KEY_UISupportedInterfaceOrientations_iPad = "UIInterfaceOrientationPortrait UIInterfaceOrientationPortraitUpsideDown UIInterfaceOrientationLandscapeLeft UIInterfaceOrientationLandscapeRight";
				INFOPLIST_KEY_UISupportedInterfaceOrientations_iPhone = "UIInterfaceOrientationPortrait UIInterfaceOrientationLandscapeLeft UIInterfaceOrientationLandscapeRight";
				IPHONEOS_DEPLOYMENT_TARGET = 12.0;
				LD_RUNPATH_SEARCH_PATHS = (
					"$(inherited)",
					"@executable_path/Frameworks",
				);
				MARKETING_VERSION = 1.0;
				PRODUCT_BUNDLE_IDENTIFIER = "com.br.felipe.Gamers-Club";
				PRODUCT_NAME = "$(TARGET_NAME)";
				SWIFT_EMIT_LOC_STRINGS = YES;
				SWIFT_VERSION = 5.0;
				TARGETED_DEVICE_FAMILY = "1,2";
			};
			name = Debug;
		};
		2009BBC927D8341B0055CA71 /* Release */ = {
			isa = XCBuildConfiguration;
			buildSettings = {
				ASSETCATALOG_COMPILER_APPICON_NAME = AppIcon;
				ASSETCATALOG_COMPILER_GLOBAL_ACCENT_COLOR_NAME = AccentColor;
				CODE_SIGN_STYLE = Automatic;
				CURRENT_PROJECT_VERSION = 1;
				GENERATE_INFOPLIST_FILE = YES;
				INFOPLIST_FILE = "Gamers Club/Info.plist";
				INFOPLIST_KEY_UIApplicationSupportsIndirectInputEvents = YES;
				INFOPLIST_KEY_UILaunchStoryboardName = LaunchScreen;
				INFOPLIST_KEY_UISupportedInterfaceOrientations = UIInterfaceOrientationPortrait;
				INFOPLIST_KEY_UISupportedInterfaceOrientations_iPad = "UIInterfaceOrientationPortrait UIInterfaceOrientationPortraitUpsideDown UIInterfaceOrientationLandscapeLeft UIInterfaceOrientationLandscapeRight";
				INFOPLIST_KEY_UISupportedInterfaceOrientations_iPhone = "UIInterfaceOrientationPortrait UIInterfaceOrientationLandscapeLeft UIInterfaceOrientationLandscapeRight";
				IPHONEOS_DEPLOYMENT_TARGET = 12.0;
				LD_RUNPATH_SEARCH_PATHS = (
					"$(inherited)",
					"@executable_path/Frameworks",
				);
				MARKETING_VERSION = 1.0;
				PRODUCT_BUNDLE_IDENTIFIER = "com.br.felipe.Gamers-Club";
				PRODUCT_NAME = "$(TARGET_NAME)";
				SWIFT_EMIT_LOC_STRINGS = YES;
				SWIFT_VERSION = 5.0;
				TARGETED_DEVICE_FAMILY = "1,2";
			};
			name = Release;
		};
/* End XCBuildConfiguration section */

/* Begin XCConfigurationList section */
		2009BBAE27D8341A0055CA71 /* Build configuration list for PBXProject "Gamers Club" */ = {
			isa = XCConfigurationList;
			buildConfigurations = (
				2009BBC527D8341B0055CA71 /* Debug */,
				2009BBC627D8341B0055CA71 /* Release */,
			);
			defaultConfigurationIsVisible = 0;
			defaultConfigurationName = Release;
		};
		2009BBC727D8341B0055CA71 /* Build configuration list for PBXNativeTarget "Gamers Club" */ = {
			isa = XCConfigurationList;
			buildConfigurations = (
				2009BBC827D8341B0055CA71 /* Debug */,
				2009BBC927D8341B0055CA71 /* Release */,
			);
			defaultConfigurationIsVisible = 0;
			defaultConfigurationName = Release;
		};
/* End XCConfigurationList section */

/* Begin XCRemoteSwiftPackageReference section */
		2085341A27D838400081E1D2 /* XCRemoteSwiftPackageReference "SnapKit" */ = {
			isa = XCRemoteSwiftPackageReference;
			repositoryURL = "https://github.com/SnapKit/SnapKit";
			requirement = {
				kind = upToNextMajorVersion;
				minimumVersion = 5.0.0;
			};
		};
		20BDD12A27F4F24F00E85559 /* XCRemoteSwiftPackageReference "IGListKit" */ = {
			isa = XCRemoteSwiftPackageReference;
			repositoryURL = "https://github.com/Instagram/IGListKit";
			requirement = {
				kind = revision;
				revision = b22a10e47ffa87c79993ea19db7b52605e83ebbf;
			};
		};
		20BDD13C27F516A700E85559 /* XCRemoteSwiftPackageReference "Kingfisher" */ = {
			isa = XCRemoteSwiftPackageReference;
			repositoryURL = "https://github.com/onevcat/Kingfisher";
			requirement = {
				branch = master;
				kind = branch;
			};
		};
		20D157F227EE1DE5008D2B33 /* XCRemoteSwiftPackageReference "Alamofire" */ = {
			isa = XCRemoteSwiftPackageReference;
			repositoryURL = "https://github.com/Alamofire/Alamofire";
			requirement = {
				kind = upToNextMajorVersion;
				minimumVersion = 5.4.4;
			};
		};
/* End XCRemoteSwiftPackageReference section */

/* Begin XCSwiftPackageProductDependency section */
		2085341B27D838400081E1D2 /* SnapKit */ = {
			isa = XCSwiftPackageProductDependency;
			package = 2085341A27D838400081E1D2 /* XCRemoteSwiftPackageReference "SnapKit" */;
			productName = SnapKit;
		};
		20BDD12B27F4F24F00E85559 /* IGListKit */ = {
			isa = XCSwiftPackageProductDependency;
			package = 20BDD12A27F4F24F00E85559 /* XCRemoteSwiftPackageReference "IGListKit" */;
			productName = IGListKit;
		};
		20BDD13D27F516A700E85559 /* Kingfisher */ = {
			isa = XCSwiftPackageProductDependency;
			package = 20BDD13C27F516A700E85559 /* XCRemoteSwiftPackageReference "Kingfisher" */;
			productName = Kingfisher;
		};
		20D157F327EE1DE5008D2B33 /* Alamofire */ = {
			isa = XCSwiftPackageProductDependency;
			package = 20D157F227EE1DE5008D2B33 /* XCRemoteSwiftPackageReference "Alamofire" */;
			productName = Alamofire;
		};
/* End XCSwiftPackageProductDependency section */
	};
	rootObject = 2009BBAB27D8341A0055CA71 /* Project object */;
}
